
Microsoft Visual Studio Solution File, Format Version 12.00
# Visual Studio Version 17
VisualStudioVersion = 17.5.33424.131
MinimumVisualStudioVersion = 10.0.40219.1
Project("{FAE04EC0-301F-11D3-BF4B-00C04F79EFBC}") = "VSGMarketplace.API", "VSGMarketplace.API\VSGMarketplace.API.csproj", "{51CBF9FB-260E-4A47-A4E9-FDE3E0F9CAE9}"
EndProject
Project("{FAE04EC0-301F-11D3-BF4B-00C04F79EFBC}") = "VSGMarketplace.Infrastructure", "VSGMarketplace.Infrastructure\VSGMarketplace.Infrastructure.csproj", "{E35AC39C-6306-4F98-9272-4E48FB561395}"
EndProject
Project("{FAE04EC0-301F-11D3-BF4B-00C04F79EFBC}") = "VSGMarketplace.Domain", "VSGMarketplace.Domain\VSGMarketplace.Domain.csproj", "{ED7E2CB9-77C4-4E12-ABA9-C199732A5B95}"
EndProject
Project("{FAE04EC0-301F-11D3-BF4B-00C04F79EFBC}") = "VSGMarketplace.Application", "VSGMarketplace.Application\VSGMarketplace.Application.csproj", "{9DDF4EC2-BB62-4612-8C2E-4AE9032EBCA6}"
EndProject
Global
	GlobalSection(SolutionConfigurationPlatforms) = preSolution
		Debug|Any CPU = Debug|Any CPU
		Release|Any CPU = Release|Any CPU
	EndGlobalSection
	GlobalSection(ProjectConfigurationPlatforms) = postSolution
		{51CBF9FB-260E-4A47-A4E9-FDE3E0F9CAE9}.Debug|Any CPU.ActiveCfg = Debug|Any CPU
		{51CBF9FB-260E-4A47-A4E9-FDE3E0F9CAE9}.Debug|Any CPU.Build.0 = Debug|Any CPU
		{51CBF9FB-260E-4A47-A4E9-FDE3E0F9CAE9}.Release|Any CPU.ActiveCfg = Release|Any CPU
		{51CBF9FB-260E-4A47-A4E9-FDE3E0F9CAE9}.Release|Any CPU.Build.0 = Release|Any CPU
		{E35AC39C-6306-4F98-9272-4E48FB561395}.Debug|Any CPU.ActiveCfg = Debug|Any CPU
		{E35AC39C-6306-4F98-9272-4E48FB561395}.Debug|Any CPU.Build.0 = Debug|Any CPU
		{E35AC39C-6306-4F98-9272-4E48FB561395}.Release|Any CPU.ActiveCfg = Release|Any CPU
		{E35AC39C-6306-4F98-9272-4E48FB561395}.Release|Any CPU.Build.0 = Release|Any CPU
		{ED7E2CB9-77C4-4E12-ABA9-C199732A5B95}.Debug|Any CPU.ActiveCfg = Debug|Any CPU
		{ED7E2CB9-77C4-4E12-ABA9-C199732A5B95}.Debug|Any CPU.Build.0 = Debug|Any CPU
		{ED7E2CB9-77C4-4E12-ABA9-C199732A5B95}.Release|Any CPU.ActiveCfg = Release|Any CPU
		{ED7E2CB9-77C4-4E12-ABA9-C199732A5B95}.Release|Any CPU.Build.0 = Release|Any CPU
		{9DDF4EC2-BB62-4612-8C2E-4AE9032EBCA6}.Debug|Any CPU.ActiveCfg = Debug|Any CPU
		{9DDF4EC2-BB62-4612-8C2E-4AE9032EBCA6}.Debug|Any CPU.Build.0 = Debug|Any CPU
		{9DDF4EC2-BB62-4612-8C2E-4AE9032EBCA6}.Release|Any CPU.ActiveCfg = Release|Any CPU
		{9DDF4EC2-BB62-4612-8C2E-4AE9032EBCA6}.Release|Any CPU.Build.0 = Release|Any CPU
	EndGlobalSection
	GlobalSection(SolutionProperties) = preSolution
		HideSolutionNode = FALSE
	EndGlobalSection
	GlobalSection(ExtensibilityGlobals) = postSolution
		SolutionGuid = {18EAC805-D76A-43CE-BACB-5147717F74A0}
	EndGlobalSection
EndGlobal
